{
  "requires": true,
  "lockfileVersion": 1,
  "dependencies": {
    "babel-plugin-module-resolver": {
      "version": "4.1.0",
      "resolved": "http://rcnpm.zhuanspirit.com/babel-plugin-module-resolver/download/babel-plugin-module-resolver-4.1.0.tgz",
      "integrity": "sha1-IqTzL3RBcn7B+/SWe4Y+Hj6fM+I=",
      "dev": true,
      "requires": {
        "find-babel-config": "^1.2.0",
        "glob": "^7.1.6",
        "pkg-up": "^3.1.0",
        "reselect": "^4.0.0",
        "resolve": "^1.13.1"
      }
    },
    "balanced-match": {
      "version": "1.0.0",
      "resolved": "http://rcnpm.zhuanspirit.com/balanced-match/download/balanced-match-1.0.0.tgz",
      "integrity": "sha1-ibTRmasr7kneFk6gK4nORi1xt2c=",
      "dev": true
    },
    "brace-expansion": {
      "version": "1.1.11",
      "resolved": "http://rcnpm.zhuanspirit.com/brace-expansion/download/brace-expansion-1.1.11.tgz",
      "integrity": "sha1-PH/L9SnYcibz0vUrlm/1Jx60Qd0=",
      "dev": true,
      "requires": {
        "balanced-match": "^1.0.0",
        "concat-map": "0.0.1"
      }
    },
    "concat-map": {
      "version": "0.0.1",
      "resolved": "http://rcnpm.zhuanspirit.com/concat-map/download/concat-map-0.0.1.tgz",
      "integrity": "sha1-2Klr13/Wjfd5OnMDajug1UBdR3s=",
      "dev": true
    },
    "find-babel-config": {
      "version": "1.2.0",
      "resolved": "http://rcnpm.zhuanspirit.com/find-babel-config/download/find-babel-config-1.2.0.tgz",
      "integrity": "sha1-qbezF+tbmGDNqdVHQKjIM3oig6I=",
      "dev": true,
      "requires": {
        "json5": "^0.5.1",
        "path-exists": "^3.0.0"
      }
    },
    "find-up": {
      "version": "3.0.0",
      "resolved": "http://rcnpm.zhuanspirit.com/find-up/download/find-up-3.0.0.tgz",
      "integrity": "sha1-SRafHXmTQwZG2mHsxa41XCHJe3M=",
      "dev": true,
      "requires": {
        "locate-path": "^3.0.0"
      }
    },
    "fs.realpath": {
      "version": "1.0.0",
      "resolved": "http://rcnpm.zhuanspirit.com/fs.realpath/download/fs.realpath-1.0.0.tgz",
      "integrity": "sha1-FQStJSMVjKpA20onh8sBQRmU6k8=",
      "dev": true
    },
    "function-bind": {
      "version": "1.1.1",
      "resolved": "http://rcnpm.zhuanspirit.com/function-bind/download/function-bind-1.1.1.tgz",
      "integrity": "sha1-pWiZ0+o8m6uHS7l3O3xe3pL0iV0=",
      "dev": true
    },
    "glob": {
      "version": "7.1.6",
      "resolved": "http://rcnpm.zhuanspirit.com/glob/download/glob-7.1.6.tgz",
      "integrity": "sha1-FB8zuBp8JJLhJVlDB0gMRmeSeKY=",
      "dev": true,
      "requires": {
        "fs.realpath": "^1.0.0",
        "inflight": "^1.0.4",
        "inherits": "2",
        "minimatch": "^3.0.4",
        "once": "^1.3.0",
        "path-is-absolute": "^1.0.0"
      }
    },
    "has": {
      "version": "1.0.3",
      "resolved": "http://rcnpm.zhuanspirit.com/has/download/has-1.0.3.tgz",
      "integrity": "sha1-ci18v8H2qoJB8W3YFOAR4fQeh5Y=",
      "dev": true,
      "requires": {
        "function-bind": "^1.1.1"
      }
    },
    "inflight": {
      "version": "1.0.6",
      "resolved": "http://rcnpm.zhuanspirit.com/inflight/download/inflight-1.0.6.tgz",
      "integrity": "sha1-Sb1jMdfQLQwJvJEKEHW6gWW1bfk=",
      "dev": true,
      "requires": {
        "once": "^1.3.0",
        "wrappy": "1"
      }
    },
    "inherits": {
      "version": "2.0.4",
      "resolved": "http://rcnpm.zhuanspirit.com/inherits/download/inherits-2.0.4.tgz",
      "integrity": "sha1-D6LGT5MpF8NDOg3tVTY6rjdBa3w=",
      "dev": true
    },
    "is-core-module": {
      "version": "2.2.0",
      "resolved": "http://rcnpm.zhuanspirit.com/is-core-module/download/is-core-module-2.2.0.tgz",
      "integrity": "sha1-lwN+89UiJNhRY/VZeytj2a/tmBo=",
      "dev": true,
      "requires": {
        "has": "^1.0.3"
      }
    },
    "json5": {
      "version": "0.5.1",
      "resolved": "http://rcnpm.zhuanspirit.com/json5/download/json5-0.5.1.tgz",
      "integrity": "sha1-Hq3nrMASA0rYTiOWdn6tn6VJWCE=",
      "dev": true
    },
    "locate-path": {
      "version": "3.0.0",
      "resolved": "http://rcnpm.zhuanspirit.com/locate-path/download/locate-path-3.0.0.tgz",
      "integrity": "sha1-2+w7OrdZdYBxtY/ln8QYca8hQA4=",
      "dev": true,
      "requires": {
        "p-locate": "^3.0.0",
        "path-exists": "^3.0.0"
      }
    },
    "minimatch": {
      "version": "3.0.4",
      "resolved": "http://rcnpm.zhuanspirit.com/minimatch/download/minimatch-3.0.4.tgz",
      "integrity": "sha1-UWbihkV/AzBgZL5Ul+jbsMPTIIM=",
      "dev": true,
      "requires": {
        "brace-expansion": "^1.1.7"
      }
    },
    "once": {
      "version": "1.4.0",
      "resolved": "http://rcnpm.zhuanspirit.com/once/download/once-1.4.0.tgz",
      "integrity": "sha1-WDsap3WWHUsROsF9nFC6753Xa9E=",
      "dev": true,
      "requires": {
        "wrappy": "1"
      }
    },
    "p-limit": {
      "version": "2.3.0",
      "resolved": "http://rcnpm.zhuanspirit.com/p-limit/download/p-limit-2.3.0.tgz",
      "integrity": "sha1-PdM8ZHohT9//2DWTPrCG2g3CHbE=",
      "dev": true,
      "requires": {
        "p-try": "^2.0.0"
      }
    },
    "p-locate": {
      "version": "3.0.0",
      "resolved": "http://rcnpm.zhuanspirit.com/p-locate/download/p-locate-3.0.0.tgz",
      "integrity": "sha1-Mi1poFwCZLJZl9n0DNiokasAZKQ=",
      "dev": true,
      "requires": {
        "p-limit": "^2.0.0"
      }
    },
    "p-try": {
      "version": "2.2.0",
      "resolved": "http://rcnpm.zhuanspirit.com/p-try/download/p-try-2.2.0.tgz",
      "integrity": "sha1-yyhoVA4xPWHeWPr741zpAE1VQOY=",
      "dev": true
    },
    "path-exists": {
      "version": "3.0.0",
      "resolved": "http://rcnpm.zhuanspirit.com/path-exists/download/path-exists-3.0.0.tgz",
      "integrity": "sha1-zg6+ql94yxiSXqfYENe1mwEP1RU=",
      "dev": true
    },
    "path-is-absolute": {
      "version": "1.0.1",
      "resolved": "http://rcnpm.zhuanspirit.com/path-is-absolute/download/path-is-absolute-1.0.1.tgz",
      "integrity": "sha1-F0uSaHNVNP+8es5r9TpanhtcX18=",
      "dev": true
    },
    "path-parse": {
      "version": "1.0.6",
      "resolved": "http://rcnpm.zhuanspirit.com/path-parse/download/path-parse-1.0.6.tgz",
      "integrity": "sha1-1i27VnlAXXLEc37FhgDp3c8G0kw=",
      "dev": true
    },
    "pkg-up": {
      "version": "3.1.0",
      "resolved": "http://rcnpm.zhuanspirit.com/pkg-up/download/pkg-up-3.1.0.tgz",
      "integrity": "sha1-EA7CNcwVDk/UJRlBJZaihRKg3vU=",
      "dev": true,
      "requires": {
        "find-up": "^3.0.0"
      }
    },
    "reselect": {
      "version": "4.0.0",
      "resolved": "http://rcnpm.zhuanspirit.com/reselect/download/reselect-4.0.0.tgz",
      "integrity": "sha1-8lKYMOXT0OAhQIskaiBu9OpEN/c=",
      "dev": true
    },
    "resolve": {
      "version": "1.20.0",
      "resolved": "http://rcnpm.zhuanspirit.com/resolve/download/resolve-1.20.0.tgz",
      "integrity": "sha1-YpoBP7P3B1XW8LeTXMHCxTeLGXU=",
      "dev": true,
      "requires": {
        "is-core-module": "^2.2.0",
        "path-parse": "^1.0.6"
      }
    },
    "wrappy": {
      "version": "1.0.2",
      "resolved": "http://rcnpm.zhuanspirit.com/wrappy/download/wrappy-1.0.2.tgz",
      "integrity": "sha1-tSQ9jz7BqjXxNkYFvA0QNuMKtp8=",
      "dev": true
    }
  }
}
